
Microsoft Visual Studio Solution File, Format Version 12.00
# Visual Studio Version 16
VisualStudioVersion = 16.0.30907.101
MinimumVisualStudioVersion = 10.0.40219.1
Project("{FAE04EC0-301F-11D3-BF4B-00C04F79EFBC}") = "DemoAsp.Intro", "DemoAsp.Intro\DemoAsp.Intro.csproj", "{7FE6AB0C-9FD7-4182-BF2A-EABD0E866EC6}"
EndProject
Project("{FAE04EC0-301F-11D3-BF4B-00C04F79EFBC}") = "PatternIterator", "PatternIterator\PatternIterator.csproj", "{5970B528-393B-496A-9224-2F74F0723B4F}"
EndProject
Global
	GlobalSection(SolutionConfigurationPlatforms) = preSolution
		Debug|Any CPU = Debug|Any CPU
		Release|Any CPU = Release|Any CPU
	EndGlobalSection
	GlobalSection(ProjectConfigurationPlatforms) = postSolution
		{7FE6AB0C-9FD7-4182-BF2A-EABD0E866EC6}.Debug|Any CPU.ActiveCfg = Debug|Any CPU
		{7FE6AB0C-9FD7-4182-BF2A-EABD0E866EC6}.Debug|Any CPU.Build.0 = Debug|Any CPU
		{7FE6AB0C-9FD7-4182-BF2A-EABD0E866EC6}.Release|Any CPU.ActiveCfg = Release|Any CPU
		{7FE6AB0C-9FD7-4182-BF2A-EABD0E866EC6}.Release|Any CPU.Build.0 = Release|Any CPU
		{5970B528-393B-496A-9224-2F74F0723B4F}.Debug|Any CPU.ActiveCfg = Debug|Any CPU
		{5970B528-393B-496A-9224-2F74F0723B4F}.Debug|Any CPU.Build.0 = Debug|Any CPU
		{5970B528-393B-496A-9224-2F74F0723B4F}.Release|Any CPU.ActiveCfg = Release|Any CPU
		{5970B528-393B-496A-9224-2F74F0723B4F}.Release|Any CPU.Build.0 = Release|Any CPU
	EndGlobalSection
	GlobalSection(SolutionProperties) = preSolution
		HideSolutionNode = FALSE
	EndGlobalSection
	GlobalSection(ExtensibilityGlobals) = postSolution
		SolutionGuid = {3438E696-8FC2-4F34-B597-DD3B870AB7B5}
	EndGlobalSection
EndGlobal
