
Microsoft Visual Studio Solution File, Format Version 12.00
# Visual Studio Version 16
VisualStudioVersion = 16.0.30907.101
MinimumVisualStudioVersion = 10.0.40219.1
Project("{FAE04EC0-301F-11D3-BF4B-00C04F79EFBC}") = "PatternIterator", "PatternIterator\PatternIterator.csproj", "{5970B528-393B-496A-9224-2F74F0723B4F}"
EndProject
Project("{FAE04EC0-301F-11D3-BF4B-00C04F79EFBC}") = "PremierApplication", "PremierApplication\PremierApplication.csproj", "{F8FFD141-18BF-41CE-95AF-7BA6C4EE2680}"
EndProject
Project("{FAE04EC0-301F-11D3-BF4B-00C04F79EFBC}") = "ASPNetAvecEF", "ASPNetAvecEF\ASPNetAvecEF.csproj", "{2850A172-5D81-40A4-9CBE-667D0CD8650B}"
EndProject
Project("{FAE04EC0-301F-11D3-BF4B-00C04F79EFBC}") = "ASPNetAvecEFAuto", "ASPNetAvecEFAuto\ASPNetAvecEFAuto.csproj", "{F488055E-098D-43A4-9287-3EBF7036BB84}"
EndProject
Project("{2150E333-8FDC-42A3-9474-1A3956D46DE8}") = "A_Divers", "A_Divers", "{8B7796E9-1FEB-43CB-8BD1-8AF76925AC49}"
EndProject
Project("{FAE04EC0-301F-11D3-BF4B-00C04F79EFBC}") = "Retours", "Retours\Retours.csproj", "{B5B95F74-853B-48AB-93FE-FBA042718950}"
EndProject
Project("{FAE04EC0-301F-11D3-BF4B-00C04F79EFBC}") = "DataFromControllerToView", "DataFromControllerToView\DataFromControllerToView.csproj", "{B32AAA26-5A6B-41AE-BDE0-6B2E6DFE967F}"
EndProject
Project("{FAE04EC0-301F-11D3-BF4B-00C04F79EFBC}") = "ControllerFactory", "ControllerFactory\ControllerFactory.csproj", "{17A4F792-E2BA-4C54-8531-4BCFCC250C21}"
EndProject
Project("{FAE04EC0-301F-11D3-BF4B-00C04F79EFBC}") = "DemoTodo", "DemoTodo\DemoTodo.csproj", "{624E98AE-C957-49B7-811D-1EC1403BED3A}"
EndProject
Project("{FAE04EC0-301F-11D3-BF4B-00C04F79EFBC}") = "TestUnitaire", "TestUnitaire\TestUnitaire.csproj", "{75EDA404-0BB7-4125-B2EC-394F2AEE02C8}"
EndProject
Project("{FAE04EC0-301F-11D3-BF4B-00C04F79EFBC}") = "TestUnitaire.Test", "TestUnitaire.Test\TestUnitaire.Test.csproj", "{87027BC3-A7A6-4554-96CC-7B94DD25ACBB}"
EndProject
Project("{FAE04EC0-301F-11D3-BF4B-00C04F79EFBC}") = "DemoTodo.TestUnitaire", "DemoTodo.TestUnitaire\DemoTodo.TestUnitaire.csproj", "{6C2F7507-CA50-4673-8B37-0A31F2FAAB38}"
EndProject
Project("{FAE04EC0-301F-11D3-BF4B-00C04F79EFBC}") = "InjectionDependence", "InjectionDependence\InjectionDependence.csproj", "{5F3B9792-5A1C-4033-B428-92C19106BC1A}"
EndProject
Project("{FAE04EC0-301F-11D3-BF4B-00C04F79EFBC}") = "DemoInjectionDependance", "DemoInjectionDependance\DemoInjectionDependance.csproj", "{E2A73028-F8BB-4CB5-A711-2AD6ACC343DD}"
EndProject
Project("{FAE04EC0-301F-11D3-BF4B-00C04F79EFBC}") = "Exo1.Pave", "Exo1.Pave\Exo1.Pave.csproj", "{3D61962C-E3BF-4F6A-84CB-6F1BFCC77247}"
EndProject
Project("{2150E333-8FDC-42A3-9474-1A3956D46DE8}") = "1_Controller", "1_Controller", "{AEF6735A-D442-4573-8B94-8EDCFE324F9A}"
EndProject
Project("{2150E333-8FDC-42A3-9474-1A3956D46DE8}") = "2_Model", "2_Model", "{5842106E-F94B-43C9-B21D-6803232DE171}"
EndProject
Project("{2150E333-8FDC-42A3-9474-1A3956D46DE8}") = "3_View", "3_View", "{CCCAF4A8-7F39-412A-9A0E-D84DECB838A0}"
EndProject
Project("{2150E333-8FDC-42A3-9474-1A3956D46DE8}") = "0_Introduction", "0_Introduction", "{63E711F0-74A0-4009-9ACA-8BBFD6532F05}"
EndProject
Project("{2150E333-8FDC-42A3-9474-1A3956D46DE8}") = "4_Test unitaire", "4_Test unitaire", "{AFEDEDCA-F02A-4403-80ED-C3A0A60ED9D8}"
EndProject
Project("{2150E333-8FDC-42A3-9474-1A3956D46DE8}") = "5_Ioc", "5_Ioc", "{EB6D3B71-3EF4-4184-BC20-25CCDFBE4F1F}"
EndProject
Project("{2150E333-8FDC-42A3-9474-1A3956D46DE8}") = "6_Routage", "6_Routage", "{F707D286-6ECF-472D-843F-C7C19ACFCCF5}"
EndProject
Project("{FAE04EC0-301F-11D3-BF4B-00C04F79EFBC}") = "DemoRoutage", "DemoRoutage\DemoRoutage.csproj", "{878492FD-B046-4EE0-A605-68E6BE455222}"
EndProject
Project("{FAE04EC0-301F-11D3-BF4B-00C04F79EFBC}") = "DemoNavigation", "DemoNavigation\DemoNavigation.csproj", "{E6003711-3F66-41DD-B4D1-18DED0324CC1}"
EndProject
Project("{2150E333-8FDC-42A3-9474-1A3956D46DE8}") = "7_Style", "7_Style", "{69C0EC55-3F73-449F-99B1-11DD0003EA92}"
EndProject
Project("{FAE04EC0-301F-11D3-BF4B-00C04F79EFBC}") = "DemoLayout", "DemoLayout\DemoLayout.csproj", "{5CD01A61-EBEC-420C-A7C4-E2F26E1A554D}"
EndProject
Project("{FAE04EC0-301F-11D3-BF4B-00C04F79EFBC}") = "DemoMobile", "DemoMobile\DemoMobile.csproj", "{B65891A7-3F3D-480D-9253-044EF7086677}"
EndProject
Global
	GlobalSection(SolutionConfigurationPlatforms) = preSolution
		Debug|Any CPU = Debug|Any CPU
		Release|Any CPU = Release|Any CPU
	EndGlobalSection
	GlobalSection(ProjectConfigurationPlatforms) = postSolution
		{5970B528-393B-496A-9224-2F74F0723B4F}.Debug|Any CPU.ActiveCfg = Debug|Any CPU
		{5970B528-393B-496A-9224-2F74F0723B4F}.Debug|Any CPU.Build.0 = Debug|Any CPU
		{5970B528-393B-496A-9224-2F74F0723B4F}.Release|Any CPU.ActiveCfg = Release|Any CPU
		{5970B528-393B-496A-9224-2F74F0723B4F}.Release|Any CPU.Build.0 = Release|Any CPU
		{F8FFD141-18BF-41CE-95AF-7BA6C4EE2680}.Debug|Any CPU.ActiveCfg = Debug|Any CPU
		{F8FFD141-18BF-41CE-95AF-7BA6C4EE2680}.Debug|Any CPU.Build.0 = Debug|Any CPU
		{F8FFD141-18BF-41CE-95AF-7BA6C4EE2680}.Release|Any CPU.ActiveCfg = Release|Any CPU
		{F8FFD141-18BF-41CE-95AF-7BA6C4EE2680}.Release|Any CPU.Build.0 = Release|Any CPU
		{2850A172-5D81-40A4-9CBE-667D0CD8650B}.Debug|Any CPU.ActiveCfg = Debug|Any CPU
		{2850A172-5D81-40A4-9CBE-667D0CD8650B}.Debug|Any CPU.Build.0 = Debug|Any CPU
		{2850A172-5D81-40A4-9CBE-667D0CD8650B}.Release|Any CPU.ActiveCfg = Release|Any CPU
		{2850A172-5D81-40A4-9CBE-667D0CD8650B}.Release|Any CPU.Build.0 = Release|Any CPU
		{F488055E-098D-43A4-9287-3EBF7036BB84}.Debug|Any CPU.ActiveCfg = Debug|Any CPU
		{F488055E-098D-43A4-9287-3EBF7036BB84}.Debug|Any CPU.Build.0 = Debug|Any CPU
		{F488055E-098D-43A4-9287-3EBF7036BB84}.Release|Any CPU.ActiveCfg = Release|Any CPU
		{F488055E-098D-43A4-9287-3EBF7036BB84}.Release|Any CPU.Build.0 = Release|Any CPU
		{B5B95F74-853B-48AB-93FE-FBA042718950}.Debug|Any CPU.ActiveCfg = Debug|Any CPU
		{B5B95F74-853B-48AB-93FE-FBA042718950}.Debug|Any CPU.Build.0 = Debug|Any CPU
		{B5B95F74-853B-48AB-93FE-FBA042718950}.Release|Any CPU.ActiveCfg = Release|Any CPU
		{B5B95F74-853B-48AB-93FE-FBA042718950}.Release|Any CPU.Build.0 = Release|Any CPU
		{B32AAA26-5A6B-41AE-BDE0-6B2E6DFE967F}.Debug|Any CPU.ActiveCfg = Debug|Any CPU
		{B32AAA26-5A6B-41AE-BDE0-6B2E6DFE967F}.Debug|Any CPU.Build.0 = Debug|Any CPU
		{B32AAA26-5A6B-41AE-BDE0-6B2E6DFE967F}.Release|Any CPU.ActiveCfg = Release|Any CPU
		{B32AAA26-5A6B-41AE-BDE0-6B2E6DFE967F}.Release|Any CPU.Build.0 = Release|Any CPU
		{17A4F792-E2BA-4C54-8531-4BCFCC250C21}.Debug|Any CPU.ActiveCfg = Debug|Any CPU
		{17A4F792-E2BA-4C54-8531-4BCFCC250C21}.Debug|Any CPU.Build.0 = Debug|Any CPU
		{17A4F792-E2BA-4C54-8531-4BCFCC250C21}.Release|Any CPU.ActiveCfg = Release|Any CPU
		{17A4F792-E2BA-4C54-8531-4BCFCC250C21}.Release|Any CPU.Build.0 = Release|Any CPU
		{624E98AE-C957-49B7-811D-1EC1403BED3A}.Debug|Any CPU.ActiveCfg = Debug|Any CPU
		{624E98AE-C957-49B7-811D-1EC1403BED3A}.Debug|Any CPU.Build.0 = Debug|Any CPU
		{624E98AE-C957-49B7-811D-1EC1403BED3A}.Release|Any CPU.ActiveCfg = Release|Any CPU
		{624E98AE-C957-49B7-811D-1EC1403BED3A}.Release|Any CPU.Build.0 = Release|Any CPU
		{75EDA404-0BB7-4125-B2EC-394F2AEE02C8}.Debug|Any CPU.ActiveCfg = Debug|Any CPU
		{75EDA404-0BB7-4125-B2EC-394F2AEE02C8}.Debug|Any CPU.Build.0 = Debug|Any CPU
		{75EDA404-0BB7-4125-B2EC-394F2AEE02C8}.Release|Any CPU.ActiveCfg = Release|Any CPU
		{75EDA404-0BB7-4125-B2EC-394F2AEE02C8}.Release|Any CPU.Build.0 = Release|Any CPU
		{87027BC3-A7A6-4554-96CC-7B94DD25ACBB}.Debug|Any CPU.ActiveCfg = Debug|Any CPU
		{87027BC3-A7A6-4554-96CC-7B94DD25ACBB}.Debug|Any CPU.Build.0 = Debug|Any CPU
		{87027BC3-A7A6-4554-96CC-7B94DD25ACBB}.Release|Any CPU.ActiveCfg = Release|Any CPU
		{87027BC3-A7A6-4554-96CC-7B94DD25ACBB}.Release|Any CPU.Build.0 = Release|Any CPU
		{6C2F7507-CA50-4673-8B37-0A31F2FAAB38}.Debug|Any CPU.ActiveCfg = Debug|Any CPU
		{6C2F7507-CA50-4673-8B37-0A31F2FAAB38}.Debug|Any CPU.Build.0 = Debug|Any CPU
		{6C2F7507-CA50-4673-8B37-0A31F2FAAB38}.Release|Any CPU.ActiveCfg = Release|Any CPU
		{6C2F7507-CA50-4673-8B37-0A31F2FAAB38}.Release|Any CPU.Build.0 = Release|Any CPU
		{5F3B9792-5A1C-4033-B428-92C19106BC1A}.Debug|Any CPU.ActiveCfg = Debug|Any CPU
		{5F3B9792-5A1C-4033-B428-92C19106BC1A}.Debug|Any CPU.Build.0 = Debug|Any CPU
		{5F3B9792-5A1C-4033-B428-92C19106BC1A}.Release|Any CPU.ActiveCfg = Release|Any CPU
		{5F3B9792-5A1C-4033-B428-92C19106BC1A}.Release|Any CPU.Build.0 = Release|Any CPU
		{E2A73028-F8BB-4CB5-A711-2AD6ACC343DD}.Debug|Any CPU.ActiveCfg = Debug|Any CPU
		{E2A73028-F8BB-4CB5-A711-2AD6ACC343DD}.Debug|Any CPU.Build.0 = Debug|Any CPU
		{E2A73028-F8BB-4CB5-A711-2AD6ACC343DD}.Release|Any CPU.ActiveCfg = Release|Any CPU
		{E2A73028-F8BB-4CB5-A711-2AD6ACC343DD}.Release|Any CPU.Build.0 = Release|Any CPU
		{3D61962C-E3BF-4F6A-84CB-6F1BFCC77247}.Debug|Any CPU.ActiveCfg = Debug|Any CPU
		{3D61962C-E3BF-4F6A-84CB-6F1BFCC77247}.Debug|Any CPU.Build.0 = Debug|Any CPU
		{3D61962C-E3BF-4F6A-84CB-6F1BFCC77247}.Release|Any CPU.ActiveCfg = Release|Any CPU
		{3D61962C-E3BF-4F6A-84CB-6F1BFCC77247}.Release|Any CPU.Build.0 = Release|Any CPU
		{878492FD-B046-4EE0-A605-68E6BE455222}.Debug|Any CPU.ActiveCfg = Debug|Any CPU
		{878492FD-B046-4EE0-A605-68E6BE455222}.Debug|Any CPU.Build.0 = Debug|Any CPU
		{878492FD-B046-4EE0-A605-68E6BE455222}.Release|Any CPU.ActiveCfg = Release|Any CPU
		{878492FD-B046-4EE0-A605-68E6BE455222}.Release|Any CPU.Build.0 = Release|Any CPU
		{E6003711-3F66-41DD-B4D1-18DED0324CC1}.Debug|Any CPU.ActiveCfg = Debug|Any CPU
		{E6003711-3F66-41DD-B4D1-18DED0324CC1}.Debug|Any CPU.Build.0 = Debug|Any CPU
		{E6003711-3F66-41DD-B4D1-18DED0324CC1}.Release|Any CPU.ActiveCfg = Release|Any CPU
		{E6003711-3F66-41DD-B4D1-18DED0324CC1}.Release|Any CPU.Build.0 = Release|Any CPU
		{5CD01A61-EBEC-420C-A7C4-E2F26E1A554D}.Debug|Any CPU.ActiveCfg = Debug|Any CPU
		{5CD01A61-EBEC-420C-A7C4-E2F26E1A554D}.Debug|Any CPU.Build.0 = Debug|Any CPU
		{5CD01A61-EBEC-420C-A7C4-E2F26E1A554D}.Release|Any CPU.ActiveCfg = Release|Any CPU
		{5CD01A61-EBEC-420C-A7C4-E2F26E1A554D}.Release|Any CPU.Build.0 = Release|Any CPU
		{B65891A7-3F3D-480D-9253-044EF7086677}.Debug|Any CPU.ActiveCfg = Debug|Any CPU
		{B65891A7-3F3D-480D-9253-044EF7086677}.Debug|Any CPU.Build.0 = Debug|Any CPU
		{B65891A7-3F3D-480D-9253-044EF7086677}.Release|Any CPU.ActiveCfg = Release|Any CPU
		{B65891A7-3F3D-480D-9253-044EF7086677}.Release|Any CPU.Build.0 = Release|Any CPU
	EndGlobalSection
	GlobalSection(SolutionProperties) = preSolution
		HideSolutionNode = FALSE
	EndGlobalSection
	GlobalSection(NestedProjects) = preSolution
		{5970B528-393B-496A-9224-2F74F0723B4F} = {8B7796E9-1FEB-43CB-8BD1-8AF76925AC49}
		{F8FFD141-18BF-41CE-95AF-7BA6C4EE2680} = {63E711F0-74A0-4009-9ACA-8BBFD6532F05}
		{2850A172-5D81-40A4-9CBE-667D0CD8650B} = {5842106E-F94B-43C9-B21D-6803232DE171}
		{F488055E-098D-43A4-9287-3EBF7036BB84} = {5842106E-F94B-43C9-B21D-6803232DE171}
		{B5B95F74-853B-48AB-93FE-FBA042718950} = {AEF6735A-D442-4573-8B94-8EDCFE324F9A}
		{B32AAA26-5A6B-41AE-BDE0-6B2E6DFE967F} = {CCCAF4A8-7F39-412A-9A0E-D84DECB838A0}
		{17A4F792-E2BA-4C54-8531-4BCFCC250C21} = {AEF6735A-D442-4573-8B94-8EDCFE324F9A}
		{624E98AE-C957-49B7-811D-1EC1403BED3A} = {5842106E-F94B-43C9-B21D-6803232DE171}
		{75EDA404-0BB7-4125-B2EC-394F2AEE02C8} = {8B7796E9-1FEB-43CB-8BD1-8AF76925AC49}
		{87027BC3-A7A6-4554-96CC-7B94DD25ACBB} = {8B7796E9-1FEB-43CB-8BD1-8AF76925AC49}
		{6C2F7507-CA50-4673-8B37-0A31F2FAAB38} = {AFEDEDCA-F02A-4403-80ED-C3A0A60ED9D8}
		{5F3B9792-5A1C-4033-B428-92C19106BC1A} = {8B7796E9-1FEB-43CB-8BD1-8AF76925AC49}
		{E2A73028-F8BB-4CB5-A711-2AD6ACC343DD} = {EB6D3B71-3EF4-4184-BC20-25CCDFBE4F1F}
		{878492FD-B046-4EE0-A605-68E6BE455222} = {F707D286-6ECF-472D-843F-C7C19ACFCCF5}
		{E6003711-3F66-41DD-B4D1-18DED0324CC1} = {F707D286-6ECF-472D-843F-C7C19ACFCCF5}
		{5CD01A61-EBEC-420C-A7C4-E2F26E1A554D} = {69C0EC55-3F73-449F-99B1-11DD0003EA92}
		{B65891A7-3F3D-480D-9253-044EF7086677} = {69C0EC55-3F73-449F-99B1-11DD0003EA92}
	EndGlobalSection
	GlobalSection(ExtensibilityGlobals) = postSolution
		SolutionGuid = {3438E696-8FC2-4F34-B597-DD3B870AB7B5}
	EndGlobalSection
EndGlobal
